
Microsoft Visual Studio Solution File, Format Version 12.00
# Visual Studio for Mac
Project("{FAE04EC0-301F-11D3-BF4B-00C04F79EFBC}") = "Assembly-CSharp", "Assembly-CSharp.csproj", "{940805FA-233B-1481-CB6A-9A3D7A431B9A}"
EndProject
Global
	GlobalSection(SolutionConfigurationPlatforms) = preSolution
		Debug|Any CPU = Debug|Any CPU
		Release|Any CPU = Release|Any CPU
	EndGlobalSection
	GlobalSection(ProjectConfigurationPlatforms) = postSolution
		{940805FA-233B-1481-CB6A-9A3D7A431B9A}.Debug|Any CPU.ActiveCfg = Debug|Any CPU
		{940805FA-233B-1481-CB6A-9A3D7A431B9A}.Debug|Any CPU.Build.0 = Debug|Any CPU
		{940805FA-233B-1481-CB6A-9A3D7A431B9A}.Release|Any CPU.ActiveCfg = Release|Any CPU
		{940805FA-233B-1481-CB6A-9A3D7A431B9A}.Release|Any CPU.Build.0 = Release|Any CPU
	EndGlobalSection
	GlobalSection(SolutionProperties) = preSolution
		HideSolutionNode = FALSE
	EndGlobalSection
EndGlobal
